# This file is generated by running "yarn install" inside your project.
# Manual changes might be lost - proceed with caution!

__metadata:
  version: 6
  cacheKey: 8

"@prisma/client@npm:5.2.0":
  version: 5.2.0
  resolution: "@prisma/client@npm:5.2.0"
  dependencies:
    "@prisma/engines-version": 5.2.0-25.2804dc98259d2ea960602aca6b8e7fdc03c1758f
  peerDependencies:
    prisma: "*"
  peerDependenciesMeta:
    prisma:
      optional: true
  checksum: ad523b7a54e31d365ecac7bdb89f5a89f62e616f5f567f5dd5060e86b122253a4652ea778c0ccbab31906e2170110e808839fbae7ee91a4fd16a8282ee86f5f1
  languageName: node
  linkType: hard

"@prisma/engines-version@npm:5.2.0-25.2804dc98259d2ea960602aca6b8e7fdc03c1758f":
  version: 5.2.0-25.2804dc98259d2ea960602aca6b8e7fdc03c1758f
  resolution: "@prisma/engines-version@npm:5.2.0-25.2804dc98259d2ea960602aca6b8e7fdc03c1758f"
  checksum: 7a0fde44dad7902aef0035a30073c8e3178bccbaf65f688583cf3db94e36d160fd0a52cae8b6422b670facdbd4201861e1d6e2c7371d57ef27b58a2e1c524213
  languageName: node
  linkType: hard

"@prisma/engines@npm:5.2.0":
  version: 5.2.0
  resolution: "@prisma/engines@npm:5.2.0"
  checksum: c4d0a424b211ab5f02c977bd87e03a151a7d297d8448b08ef9de931a0dcebbbea76cdefc15a17fd06dacac692b164fd88b32c23eb84f7822dbaf3d0885b700a7
  languageName: node
  linkType: hard

"migrations@workspace:.":
  version: 0.0.0-use.local
  resolution: "migrations@workspace:."
  dependencies:
    "@prisma/client": 5.2.0
    prisma: ^5.1.1
  languageName: unknown
  linkType: soft

"prisma@npm:^5.1.1":
  version: 5.2.0
  resolution: "prisma@npm:5.2.0"
  dependencies:
    "@prisma/engines": 5.2.0
  bin:
    prisma: build/index.js
  checksum: 8b99ab5a5f801c72b2eb1809db980bd104dfd699cb14c5d5db5b675566c89e46501267399bb2f02bc3ea8fb86fc2f029cccd7178768109dc4d198bc93552b1da
  languageName: node
  linkType: hard
